
Microsoft Visual Studio Solution File, Format Version 12.00
# Visual Studio Version 16
VisualStudioVersion = 16.0.30503.244
MinimumVisualStudioVersion = 10.0.40219.1
Project("{FAE04EC0-301F-11D3-BF4B-00C04F79EFBC}") = "ParkingConstructorView", "ParkingConstructorView\ParkingConstructorView.csproj", "{475E96B2-17CA-48EB-BA2D-BB47098C9560}"
EndProject
Project("{FAE04EC0-301F-11D3-BF4B-00C04F79EFBC}") = "ParkingConstructorLib", "ParkingConstructorLib\ParkingConstructorLib.csproj", "{20C5BD55-C87F-4BB2-A889-E03CC8839C45}"
EndProject
Project("{FAE04EC0-301F-11D3-BF4B-00C04F79EFBC}") = "ParkingSimulationForms", "ParkingSimulationForms\ParkingSimulationForms.csproj", "{0390F7D6-44E4-4421-822E-1302995C8454}"
EndProject
Global
	GlobalSection(SolutionConfigurationPlatforms) = preSolution
		Debug|Any CPU = Debug|Any CPU
		Release|Any CPU = Release|Any CPU
	EndGlobalSection
	GlobalSection(ProjectConfigurationPlatforms) = postSolution
		{475E96B2-17CA-48EB-BA2D-BB47098C9560}.Debug|Any CPU.ActiveCfg = Debug|Any CPU
		{475E96B2-17CA-48EB-BA2D-BB47098C9560}.Debug|Any CPU.Build.0 = Debug|Any CPU
		{475E96B2-17CA-48EB-BA2D-BB47098C9560}.Release|Any CPU.ActiveCfg = Release|Any CPU
		{475E96B2-17CA-48EB-BA2D-BB47098C9560}.Release|Any CPU.Build.0 = Release|Any CPU
		{20C5BD55-C87F-4BB2-A889-E03CC8839C45}.Debug|Any CPU.ActiveCfg = Debug|Any CPU
		{20C5BD55-C87F-4BB2-A889-E03CC8839C45}.Debug|Any CPU.Build.0 = Debug|Any CPU
		{20C5BD55-C87F-4BB2-A889-E03CC8839C45}.Release|Any CPU.ActiveCfg = Release|Any CPU
		{20C5BD55-C87F-4BB2-A889-E03CC8839C45}.Release|Any CPU.Build.0 = Release|Any CPU
		{0390F7D6-44E4-4421-822E-1302995C8454}.Debug|Any CPU.ActiveCfg = Debug|Any CPU
		{0390F7D6-44E4-4421-822E-1302995C8454}.Debug|Any CPU.Build.0 = Debug|Any CPU
		{0390F7D6-44E4-4421-822E-1302995C8454}.Release|Any CPU.ActiveCfg = Release|Any CPU
		{0390F7D6-44E4-4421-822E-1302995C8454}.Release|Any CPU.Build.0 = Release|Any CPU
	EndGlobalSection
	GlobalSection(SolutionProperties) = preSolution
		HideSolutionNode = FALSE
	EndGlobalSection
	GlobalSection(ExtensibilityGlobals) = postSolution
		SolutionGuid = {8AD4CA7F-0E16-4188-85F6-52880E913EE3}
	EndGlobalSection
EndGlobal
